
Microsoft Visual Studio Solution File, Format Version 12.00
# Visual Studio Version 17
VisualStudioVersion = 17.0.31903.59
MinimumVisualStudioVersion = 10.0.40219.1
Project("{FAE04EC0-301F-11D3-BF4B-00C04F79EFBC}") = "IdentityServer.Web", "IdentityServer.Web\IdentityServer.Web.csproj", "{9069AAF1-F51C-4A70-934F-63B6DC5CC571}"
EndProject
Project("{FAE04EC0-301F-11D3-BF4B-00C04F79EFBC}") = "IdentityServer.Domain", "IdentityServer.Domain\IdentityServer.Domain.csproj", "{68EBB431-F0B5-4F06-A64F-B498B97E94C5}"
EndProject
Project("{FAE04EC0-301F-11D3-BF4B-00C04F79EFBC}") = "IdentityServer.Infrastructure", "IdentityServer.Infrastructure\IdentityServer.Infrastructure.csproj", "{072F15CC-EF31-4053-A633-B2F204E590E6}"
EndProject
Project("{FAE04EC0-301F-11D3-BF4B-00C04F79EFBC}") = "IdentityServer.Application", "IdentityServer.Application\IdentityServer.Application.csproj", "{3D5BC68D-FF90-4385-A72E-82730E99DFAE}"
EndProject
Project("{2150E333-8FDC-42A3-9474-1A3956D46DE8}") = "tests", "tests", "{DD50139C-7BD5-4992-B16A-EFFB63A663A0}"
EndProject
Project("{FAE04EC0-301F-11D3-BF4B-00C04F79EFBC}") = "Application.UnitTests", "tests\Application.UnitTests\Application.UnitTests.csproj", "{6B5AF395-D539-4211-B102-7D52FADAE477}"
EndProject
Global
	GlobalSection(SolutionConfigurationPlatforms) = preSolution
		Debug|Any CPU = Debug|Any CPU
		Release|Any CPU = Release|Any CPU
	EndGlobalSection
	GlobalSection(SolutionProperties) = preSolution
		HideSolutionNode = FALSE
	EndGlobalSection
	GlobalSection(ProjectConfigurationPlatforms) = postSolution
		{9069AAF1-F51C-4A70-934F-63B6DC5CC571}.Debug|Any CPU.ActiveCfg = Debug|Any CPU
		{9069AAF1-F51C-4A70-934F-63B6DC5CC571}.Debug|Any CPU.Build.0 = Debug|Any CPU
		{9069AAF1-F51C-4A70-934F-63B6DC5CC571}.Release|Any CPU.ActiveCfg = Release|Any CPU
		{9069AAF1-F51C-4A70-934F-63B6DC5CC571}.Release|Any CPU.Build.0 = Release|Any CPU
		{68EBB431-F0B5-4F06-A64F-B498B97E94C5}.Debug|Any CPU.ActiveCfg = Debug|Any CPU
		{68EBB431-F0B5-4F06-A64F-B498B97E94C5}.Debug|Any CPU.Build.0 = Debug|Any CPU
		{68EBB431-F0B5-4F06-A64F-B498B97E94C5}.Release|Any CPU.ActiveCfg = Release|Any CPU
		{68EBB431-F0B5-4F06-A64F-B498B97E94C5}.Release|Any CPU.Build.0 = Release|Any CPU
		{072F15CC-EF31-4053-A633-B2F204E590E6}.Debug|Any CPU.ActiveCfg = Debug|Any CPU
		{072F15CC-EF31-4053-A633-B2F204E590E6}.Debug|Any CPU.Build.0 = Debug|Any CPU
		{072F15CC-EF31-4053-A633-B2F204E590E6}.Release|Any CPU.ActiveCfg = Release|Any CPU
		{072F15CC-EF31-4053-A633-B2F204E590E6}.Release|Any CPU.Build.0 = Release|Any CPU
		{3D5BC68D-FF90-4385-A72E-82730E99DFAE}.Debug|Any CPU.ActiveCfg = Debug|Any CPU
		{3D5BC68D-FF90-4385-A72E-82730E99DFAE}.Debug|Any CPU.Build.0 = Debug|Any CPU
		{3D5BC68D-FF90-4385-A72E-82730E99DFAE}.Release|Any CPU.ActiveCfg = Release|Any CPU
		{3D5BC68D-FF90-4385-A72E-82730E99DFAE}.Release|Any CPU.Build.0 = Release|Any CPU
		{6B5AF395-D539-4211-B102-7D52FADAE477}.Debug|Any CPU.ActiveCfg = Debug|Any CPU
		{6B5AF395-D539-4211-B102-7D52FADAE477}.Debug|Any CPU.Build.0 = Debug|Any CPU
		{6B5AF395-D539-4211-B102-7D52FADAE477}.Release|Any CPU.ActiveCfg = Release|Any CPU
		{6B5AF395-D539-4211-B102-7D52FADAE477}.Release|Any CPU.Build.0 = Release|Any CPU
	EndGlobalSection
	GlobalSection(NestedProjects) = preSolution
		{6B5AF395-D539-4211-B102-7D52FADAE477} = {DD50139C-7BD5-4992-B16A-EFFB63A663A0}
	EndGlobalSection
EndGlobal
